
Microsoft Visual Studio Solution File, Format Version 12.00
# Visual Studio Version 17
VisualStudioVersion = 17.11.35312.102
MinimumVisualStudioVersion = 10.0.40219.1
Project("{FAE04EC0-301F-11D3-BF4B-00C04F79EFBC}") = "ElevatorAp", "ElevatorAp\ElevatorAp.csproj", "{3256D875-5D6E-4D01-A444-286940298EC4}"
EndProject
Global
	GlobalSection(SolutionConfigurationPlatforms) = preSolution
		Debug|Any CPU = Debug|Any CPU
		Release|Any CPU = Release|Any CPU
	EndGlobalSection
	GlobalSection(ProjectConfigurationPlatforms) = postSolution
		{3256D875-5D6E-4D01-A444-286940298EC4}.Debug|Any CPU.ActiveCfg = Debug|Any CPU
		{3256D875-5D6E-4D01-A444-286940298EC4}.Debug|Any CPU.Build.0 = Debug|Any CPU
		{3256D875-5D6E-4D01-A444-286940298EC4}.Release|Any CPU.ActiveCfg = Release|Any CPU
		{3256D875-5D6E-4D01-A444-286940298EC4}.Release|Any CPU.Build.0 = Release|Any CPU
	EndGlobalSection
	GlobalSection(SolutionProperties) = preSolution
		HideSolutionNode = FALSE
	EndGlobalSection
	GlobalSection(ExtensibilityGlobals) = postSolution
		SolutionGuid = {A9979699-D1C7-4DC0-B32C-C9767F79E592}
	EndGlobalSection
EndGlobal
